
Microsoft Visual Studio Solution File, Format Version 12.00
# Visual Studio Version 17
VisualStudioVersion = 17.6.33829.357
MinimumVisualStudioVersion = 10.0.40219.1
Project("{FAE04EC0-301F-11D3-BF4B-00C04F79EFBC}") = "CustomerModelAppPs", "CustomerModelAppPs\CustomerModelAppPs.csproj", "{E39BFE3D-C5C8-4077-9CE1-41E136408096}"
EndProject
Project("{FAE04EC0-301F-11D3-BF4B-00C04F79EFBC}") = "CustomerModelComponent", "CustomerModelComponent\CustomerModelComponent.csproj", "{20B51981-38A6-4636-80E4-11B22C199C66}"
EndProject
Global
	GlobalSection(SolutionConfigurationPlatforms) = preSolution
		Debug|Any CPU = Debug|Any CPU
		Release|Any CPU = Release|Any CPU
	EndGlobalSection
	GlobalSection(ProjectConfigurationPlatforms) = postSolution
		{E39BFE3D-C5C8-4077-9CE1-41E136408096}.Debug|Any CPU.ActiveCfg = Debug|Any CPU
		{E39BFE3D-C5C8-4077-9CE1-41E136408096}.Debug|Any CPU.Build.0 = Debug|Any CPU
		{E39BFE3D-C5C8-4077-9CE1-41E136408096}.Release|Any CPU.ActiveCfg = Release|Any CPU
		{E39BFE3D-C5C8-4077-9CE1-41E136408096}.Release|Any CPU.Build.0 = Release|Any CPU
		{20B51981-38A6-4636-80E4-11B22C199C66}.Debug|Any CPU.ActiveCfg = Debug|Any CPU
		{20B51981-38A6-4636-80E4-11B22C199C66}.Debug|Any CPU.Build.0 = Debug|Any CPU
		{20B51981-38A6-4636-80E4-11B22C199C66}.Release|Any CPU.ActiveCfg = Release|Any CPU
		{20B51981-38A6-4636-80E4-11B22C199C66}.Release|Any CPU.Build.0 = Release|Any CPU
	EndGlobalSection
	GlobalSection(SolutionProperties) = preSolution
		HideSolutionNode = FALSE
	EndGlobalSection
	GlobalSection(ExtensibilityGlobals) = postSolution
		SolutionGuid = {DBD9F266-3EE3-44B9-8E77-3C7399937577}
	EndGlobalSection
EndGlobal
